{
  "version": 4,
  "terraform_version": "1.0.6",
  "serial": 42,
  "lineage": "20e8eaf6-82a3-4ef7-1528-8459d1fa46e3",
  "outputs": {},
  "resources": [
    {
      "mode": "managed",
      "type": "aws_ecs_cluster",
      "name": "cluster",
      "provider": "provider[\"registry.terraform.io/hashicorp/aws\"]",
      "instances": [
        {
          "schema_version": 0,
          "attributes": {
            "arn": "arn:aws:ecs:us-east-1:754370150126:cluster/satquery-api-cluster",
            "capacity_providers": null,
            "configuration": [],
            "default_capacity_provider_strategy": [],
            "id": "arn:aws:ecs:us-east-1:754370150126:cluster/satquery-api-cluster",
            "name": "satquery-api-cluster",
            "setting": [
              {
                "name": "containerInsights",
                "value": "disabled"
              }
            ],
            "tags": null,
            "tags_all": {}
          },
          "sensitive_attributes": [],
          "private": "bnVsbA=="
        }
      ]
    },
    {
      "mode": "managed",
      "type": "aws_internet_gateway",
      "name": "geonos_igw",
      "provider": "provider[\"registry.terraform.io/hashicorp/aws\"]",
      "instances": [
        {
          "schema_version": 0,
          "attributes": {
            "arn": "arn:aws:ec2:us-east-1:754370150126:internet-gateway/igw-0399d23722633b3b9",
            "id": "igw-0399d23722633b3b9",
            "owner_id": "754370150126",
            "tags": {
              "Name": "geonos_igw"
            },
            "tags_all": {
              "Name": "geonos_igw"
            },
            "vpc_id": "vpc-0065e56715453dad8"
          },
          "sensitive_attributes": [],
          "private": "bnVsbA==",
          "dependencies": [
            "aws_vpc.geonos_vpc"
          ]
        }
      ]
    },
    {
      "mode": "managed",
      "type": "aws_vpc",
      "name": "geonos_vpc",
      "provider": "provider[\"registry.terraform.io/hashicorp/aws\"]",
      "instances": [
        {
          "schema_version": 1,
          "attributes": {
            "arn": "arn:aws:ec2:us-east-1:754370150126:vpc/vpc-0065e56715453dad8",
            "assign_generated_ipv6_cidr_block": false,
            "cidr_block": "10.0.0.0/16",
            "default_network_acl_id": "acl-0633e9405abb4aee1",
            "default_route_table_id": "rtb-0d6baaf341ac925c8",
            "default_security_group_id": "sg-0f81fe28387e26517",
            "dhcp_options_id": "dopt-0458957e",
            "enable_classiclink": false,
            "enable_classiclink_dns_support": false,
            "enable_dns_hostnames": false,
            "enable_dns_support": true,
            "id": "vpc-0065e56715453dad8",
            "instance_tenancy": "default",
            "ipv6_association_id": "",
            "ipv6_cidr_block": "",
            "main_route_table_id": "rtb-0d6baaf341ac925c8",
            "owner_id": "754370150126",
            "tags": {
              "Name": "geonos_vpc"
            },
            "tags_all": {
              "Name": "geonos_vpc"
            }
          },
          "sensitive_attributes": [],
          "private": "eyJzY2hlbWFfdmVyc2lvbiI6IjEifQ==",
          "create_before_destroy": true
        }
      ]
    },
    {
      "module": "module.alb",
      "mode": "managed",
      "type": "aws_lb",
      "name": "this",
      "provider": "provider[\"registry.terraform.io/hashicorp/aws\"]",
      "instances": [
        {
          "index_key": 0,
          "schema_version": 0,
          "attributes": {
            "access_logs": [
              {
                "bucket": "",
                "enabled": false,
                "prefix": ""
              }
            ],
            "arn": "arn:aws:elasticloadbalancing:us-east-1:754370150126:loadbalancer/app/satquery-api-alb/040d13e03d44dc9d",
            "arn_suffix": "app/satquery-api-alb/040d13e03d44dc9d",
            "customer_owned_ipv4_pool": "",
            "dns_name": "satquery-api-alb-975362727.us-east-1.elb.amazonaws.com",
            "drop_invalid_header_fields": false,
            "enable_cross_zone_load_balancing": null,
            "enable_deletion_protection": false,
            "enable_http2": true,
            "id": "arn:aws:elasticloadbalancing:us-east-1:754370150126:loadbalancer/app/satquery-api-alb/040d13e03d44dc9d",
            "idle_timeout": 60,
            "internal": false,
            "ip_address_type": "ipv4",
            "load_balancer_type": "application",
            "name": "satquery-api-alb",
            "name_prefix": null,
            "security_groups": [
              "sg-01b90e3e429b7bbfb"
            ],
            "subnet_mapping": [
              {
                "allocation_id": "",
                "ipv6_address": "",
                "outpost_id": "",
                "private_ipv4_address": "",
                "subnet_id": "subnet-09f14e8ae41d24b28"
              },
              {
                "allocation_id": "",
                "ipv6_address": "",
                "outpost_id": "",
                "private_ipv4_address": "",
                "subnet_id": "subnet-0e64e1ed4396676a4"
              }
            ],
            "subnets": [
              "subnet-09f14e8ae41d24b28",
              "subnet-0e64e1ed4396676a4"
            ],
            "tags": {
              "Name": "satquery-api-alb"
            },
            "tags_all": {
              "Name": "satquery-api-alb"
            },
            "timeouts": {
              "create": "10m",
              "delete": "10m",
              "update": "10m"
            },
            "vpc_id": "vpc-0065e56715453dad8",
            "zone_id": "Z35SXDOTRQ7X7K"
          },
          "sensitive_attributes": [],
          "private": "eyJlMmJmYjczMC1lY2FhLTExZTYtOGY4OC0zNDM2M2JjN2M0YzAiOnsiY3JlYXRlIjo2MDAwMDAwMDAwMDAsImRlbGV0ZSI6NjAwMDAwMDAwMDAwLCJ1cGRhdGUiOjYwMDAwMDAwMDAwMH19",
          "dependencies": [
            "aws_vpc.geonos_vpc",
            "module.security_group.module.sg.aws_security_group.this",
            "module.security_group.module.sg.aws_security_group.this_name_prefix",
            "module.subnets.aws_subnet.public",
            "module.subnets.data.aws_availability_zones.available",
            "module.subnets.data.aws_vpc.default"
          ]
        }
      ]
    },
    {
      "module": "module.alb",
      "mode": "managed",
      "type": "aws_lb_listener",
      "name": "frontend_http_tcp",
      "provider": "provider[\"registry.terraform.io/hashicorp/aws\"]",
      "instances": [
        {
          "index_key": 0,
          "schema_version": 0,
          "attributes": {
            "alpn_policy": null,
            "arn": "arn:aws:elasticloadbalancing:us-east-1:754370150126:listener/app/satquery-api-alb/040d13e03d44dc9d/d97603c5bb37e061",
            "certificate_arn": null,
            "default_action": [
              {
                "authenticate_cognito": [],
                "authenticate_oidc": [],
                "fixed_response": [],
                "forward": [],
                "order": 1,
                "redirect": [],
                "target_group_arn": "arn:aws:elasticloadbalancing:us-east-1:754370150126:targetgroup/satquery-api-tg/aee29891e38ce7e6",
                "type": "forward"
              }
            ],
            "id": "arn:aws:elasticloadbalancing:us-east-1:754370150126:listener/app/satquery-api-alb/040d13e03d44dc9d/d97603c5bb37e061",
            "load_balancer_arn": "arn:aws:elasticloadbalancing:us-east-1:754370150126:loadbalancer/app/satquery-api-alb/040d13e03d44dc9d",
            "port": 80,
            "protocol": "HTTP",
            "ssl_policy": "",
            "tags": null,
            "tags_all": {},
            "timeouts": null
          },
          "sensitive_attributes": [],
          "private": "eyJlMmJmYjczMC1lY2FhLTExZTYtOGY4OC0zNDM2M2JjN2M0YzAiOnsicmVhZCI6NjAwMDAwMDAwMDAwfX0=",
          "dependencies": [
            "aws_vpc.geonos_vpc",
            "module.alb.aws_lb.this",
            "module.alb.aws_lb_target_group.main",
            "module.security_group.module.sg.aws_security_group.this",
            "module.security_group.module.sg.aws_security_group.this_name_prefix",
            "module.subnets.aws_subnet.public",
            "module.subnets.data.aws_availability_zones.available",
            "module.subnets.data.aws_vpc.default"
          ]
        }
      ]
    },
    {
      "module": "module.alb",
      "mode": "managed",
      "type": "aws_lb_target_group",
      "name": "main",
      "provider": "provider[\"registry.terraform.io/hashicorp/aws\"]",
      "instances": [
        {
          "index_key": 0,
          "schema_version": 0,
          "attributes": {
            "arn": "arn:aws:elasticloadbalancing:us-east-1:754370150126:targetgroup/satquery-api-tg/aee29891e38ce7e6",
            "arn_suffix": "targetgroup/satquery-api-tg/aee29891e38ce7e6",
            "deregistration_delay": 300,
            "health_check": [
              {
                "enabled": true,
                "healthy_threshold": 3,
                "interval": 30,
                "matcher": "200-399",
                "path": "/docs",
                "port": "80",
                "protocol": "HTTP",
                "timeout": 5,
                "unhealthy_threshold": 3
              }
            ],
            "id": "arn:aws:elasticloadbalancing:us-east-1:754370150126:targetgroup/satquery-api-tg/aee29891e38ce7e6",
            "lambda_multi_value_headers_enabled": false,
            "load_balancing_algorithm_type": "round_robin",
            "name": "satquery-api-tg",
            "name_prefix": null,
            "port": 80,
            "preserve_client_ip": null,
            "protocol": "HTTP",
            "protocol_version": "HTTP1",
            "proxy_protocol_v2": false,
            "slow_start": 0,
            "stickiness": [
              {
                "cookie_duration": 86400,
                "cookie_name": "",
                "enabled": false,
                "type": "lb_cookie"
              }
            ],
            "tags": {
              "Name": "satquery-api-tg"
            },
            "tags_all": {
              "Name": "satquery-api-tg"
            },
            "target_type": "ip",
            "vpc_id": "vpc-0065e56715453dad8"
          },
          "sensitive_attributes": [],
          "private": "bnVsbA==",
          "dependencies": [
            "aws_vpc.geonos_vpc",
            "module.security_group.module.sg.aws_security_group.this",
            "module.security_group.module.sg.aws_security_group.this_name_prefix"
          ],
          "create_before_destroy": true
        }
      ]
    },
    {
      "module": "module.ecs-alb-service-task",
      "mode": "data",
      "type": "aws_iam_policy_document",
      "name": "ecs_exec",
      "provider": "provider[\"registry.terraform.io/hashicorp/aws\"]",
      "instances": [
        {
          "index_key": 0,
          "schema_version": 0,
          "attributes": {
            "id": "815897024",
            "json": "{\n  \"Version\": \"2012-10-17\",\n  \"Statement\": [\n    {\n      \"Sid\": \"\",\n      \"Effect\": \"Allow\",\n      \"Action\": [\n        \"ssm:GetParameters\",\n        \"logs:PutLogEvents\",\n        \"logs:CreateLogStream\",\n        \"logs:CreateLogGroup\",\n        \"ecr:GetDownloadUrlForLayer\",\n        \"ecr:GetAuthorizationToken\",\n        \"ecr:BatchGetImage\",\n        \"ecr:BatchCheckLayerAvailability\"\n      ],\n      \"Resource\": \"*\"\n    }\n  ]\n}",
            "override_json": null,
            "override_policy_documents": null,
            "policy_id": null,
            "source_json": null,
            "source_policy_documents": null,
            "statement": [
              {
                "actions": [
                  "ecr:BatchCheckLayerAvailability",
                  "ecr:BatchGetImage",
                  "ecr:GetAuthorizationToken",
                  "ecr:GetDownloadUrlForLayer",
                  "logs:CreateLogGroup",
                  "logs:CreateLogStream",
                  "logs:PutLogEvents",
                  "ssm:GetParameters"
                ],
                "condition": [],
                "effect": "Allow",
                "not_actions": [],
                "not_principals": [],
                "not_resources": [],
                "principals": [],
                "resources": [
                  "*"
                ],
                "sid": ""
              }
            ],
            "version": "2012-10-17"
          },
          "sensitive_attributes": []
        }
      ]
    },
    {
      "module": "module.ecs-alb-service-task",
      "mode": "data",
      "type": "aws_iam_policy_document",
      "name": "ecs_service",
      "provider": "provider[\"registry.terraform.io/hashicorp/aws\"]",
      "instances": [
        {
          "index_key": 0,
          "schema_version": 0,
          "attributes": {
            "id": "3622649364",
            "json": "{\n  \"Version\": \"2012-10-17\",\n  \"Statement\": [\n    {\n      \"Sid\": \"\",\n      \"Effect\": \"Allow\",\n      \"Action\": \"sts:AssumeRole\",\n      \"Principal\": {\n        \"Service\": \"ecs.amazonaws.com\"\n      }\n    }\n  ]\n}",
            "override_json": null,
            "override_policy_documents": null,
            "policy_id": null,
            "source_json": null,
            "source_policy_documents": null,
            "statement": [
              {
                "actions": [
                  "sts:AssumeRole"
                ],
                "condition": [],
                "effect": "Allow",
                "not_actions": [],
                "not_principals": [],
                "not_resources": [],
                "principals": [
                  {
                    "identifiers": [
                      "ecs.amazonaws.com"
                    ],
                    "type": "Service"
                  }
                ],
                "resources": [],
                "sid": ""
              }
            ],
            "version": "2012-10-17"
          },
          "sensitive_attributes": []
        }
      ]
    },
    {
      "module": "module.ecs-alb-service-task",
      "mode": "data",
      "type": "aws_iam_policy_document",
      "name": "ecs_task",
      "provider": "provider[\"registry.terraform.io/hashicorp/aws\"]",
      "instances": [
        {
          "index_key": 0,
          "schema_version": 0,
          "attributes": {
            "id": "320642683",
            "json": "{\n  \"Version\": \"2012-10-17\",\n  \"Statement\": [\n    {\n      \"Sid\": \"\",\n      \"Effect\": \"Allow\",\n      \"Action\": \"sts:AssumeRole\",\n      \"Principal\": {\n        \"Service\": \"ecs-tasks.amazonaws.com\"\n      }\n    }\n  ]\n}",
            "override_json": null,
            "override_policy_documents": null,
            "policy_id": null,
            "source_json": null,
            "source_policy_documents": null,
            "statement": [
              {
                "actions": [
                  "sts:AssumeRole"
                ],
                "condition": [],
                "effect": "Allow",
                "not_actions": [],
                "not_principals": [],
                "not_resources": [],
                "principals": [
                  {
                    "identifiers": [
                      "ecs-tasks.amazonaws.com"
                    ],
                    "type": "Service"
                  }
                ],
                "resources": [],
                "sid": ""
              }
            ],
            "version": "2012-10-17"
          },
          "sensitive_attributes": []
        }
      ]
    },
    {
      "module": "module.ecs-alb-service-task",
      "mode": "data",
      "type": "aws_iam_policy_document",
      "name": "ecs_task_exec",
      "provider": "provider[\"registry.terraform.io/hashicorp/aws\"]",
      "instances": [
        {
          "index_key": 0,
          "schema_version": 0,
          "attributes": {
            "id": "320642683",
            "json": "{\n  \"Version\": \"2012-10-17\",\n  \"Statement\": [\n    {\n      \"Sid\": \"\",\n      \"Effect\": \"Allow\",\n      \"Action\": \"sts:AssumeRole\",\n      \"Principal\": {\n        \"Service\": \"ecs-tasks.amazonaws.com\"\n      }\n    }\n  ]\n}",
            "override_json": null,
            "override_policy_documents": null,
            "policy_id": null,
            "source_json": null,
            "source_policy_documents": null,
            "statement": [
              {
                "actions": [
                  "sts:AssumeRole"
                ],
                "condition": [],
                "effect": "Allow",
                "not_actions": [],
                "not_principals": [],
                "not_resources": [],
                "principals": [
                  {
                    "identifiers": [
                      "ecs-tasks.amazonaws.com"
                    ],
                    "type": "Service"
                  }
                ],
                "resources": [],
                "sid": ""
              }
            ],
            "version": "2012-10-17"
          },
          "sensitive_attributes": []
        }
      ]
    },
    {
      "module": "module.ecs-alb-service-task",
      "mode": "managed",
      "type": "aws_ecs_service",
      "name": "default",
      "provider": "provider[\"registry.terraform.io/hashicorp/aws\"]",
      "instances": [
        {
          "index_key": 0,
          "schema_version": 0,
          "attributes": {
            "capacity_provider_strategy": [],
            "cluster": "arn:aws:ecs:us-east-1:754370150126:cluster/satquery-api-cluster",
            "deployment_circuit_breaker": [
              {
                "enable": false,
                "rollback": false
              }
            ],
            "deployment_controller": [
              {
                "type": "ECS"
              }
            ],
            "deployment_maximum_percent": 200,
            "deployment_minimum_healthy_percent": 100,
            "desired_count": 1,
            "enable_ecs_managed_tags": false,
            "enable_execute_command": false,
            "force_new_deployment": false,
            "health_check_grace_period_seconds": 60,
            "iam_role": "aws-service-role",
            "id": "arn:aws:ecs:us-east-1:754370150126:service/satquery-api-cluster/geonos-dev-satquery-api",
            "launch_type": "FARGATE",
            "load_balancer": [
              {
                "container_name": "satquery-api-container",
                "container_port": 80,
                "elb_name": "",
                "target_group_arn": "arn:aws:elasticloadbalancing:us-east-1:754370150126:targetgroup/satquery-api-tg/aee29891e38ce7e6"
              }
            ],
            "name": "geonos-dev-satquery-api",
            "network_configuration": [
              {
                "assign_public_ip": true,
                "security_groups": [
                  "sg-01b90e3e429b7bbfb",
                  "sg-0583cb27fb18d6ca4"
                ],
                "subnets": [
                  "subnet-09f14e8ae41d24b28",
                  "subnet-0e64e1ed4396676a4"
                ]
              }
            ],
            "ordered_placement_strategy": [],
            "placement_constraints": [],
            "platform_version": "LATEST",
            "propagate_tags": "NONE",
            "scheduling_strategy": "REPLICA",
            "service_registries": [],
            "tags": {
              "Name": "geonos-dev-satquery-api",
              "Namespace": "geonos",
              "Stage": "dev"
            },
            "tags_all": {
              "Name": "geonos-dev-satquery-api",
              "Namespace": "geonos",
              "Stage": "dev"
            },
            "task_definition": "geonos-dev-satquery-api:1",
            "timeouts": null,
            "wait_for_steady_state": false
          },
          "sensitive_attributes": [],
          "private": "eyJlMmJmYjczMC1lY2FhLTExZTYtOGY4OC0zNDM2M2JjN2M0YzAiOnsiZGVsZXRlIjoxMjAwMDAwMDAwMDAwfX0=",
          "dependencies": [
            "aws_ecs_cluster.cluster",
            "aws_vpc.geonos_vpc",
            "module.alb.aws_lb_target_group.main",
            "module.ecs-alb-service-task.aws_ecs_task_definition.default",
            "module.ecs-alb-service-task.aws_iam_role.ecs_exec",
            "module.ecs-alb-service-task.aws_iam_role.ecs_service",
            "module.ecs-alb-service-task.aws_iam_role.ecs_task",
            "module.ecs-alb-service-task.data.aws_iam_policy_document.ecs_task",
            "module.ecs-alb-service-task.data.aws_iam_policy_document.ecs_task_exec",
            "module.ecs-alb-service-task.module.security_group.aws_security_group.default",
            "module.ecs-alb-service-task.module.security_group.aws_security_group_rule.default",
            "module.ecs-alb-service-task.module.security_group.data.aws_security_group.external",
            "module.security_group.module.sg.aws_security_group.this",
            "module.security_group.module.sg.aws_security_group.this_name_prefix",
            "module.subnets.aws_subnet.public",
            "module.subnets.data.aws_availability_zones.available",
            "module.subnets.data.aws_vpc.default"
          ]
        }
      ]
    },
    {
      "module": "module.ecs-alb-service-task",
      "mode": "managed",
      "type": "aws_ecs_task_definition",
      "name": "default",
      "provider": "provider[\"registry.terraform.io/hashicorp/aws\"]",
      "instances": [
        {
          "index_key": 0,
          "schema_version": 1,
          "attributes": {
            "arn": "arn:aws:ecs:us-east-1:754370150126:task-definition/geonos-dev-satquery-api:1",
            "container_definitions": "[{\"cpu\":0,\"environment\":[],\"essential\":true,\"image\":\"754370150126.dkr.ecr.us-east-1.amazonaws.com/geonos-dev:latest\",\"mountPoints\":[],\"name\":\"satquery-api-container\",\"portMappings\":[{\"containerPort\":80,\"hostPort\":80,\"protocol\":\"tcp\"}],\"readonlyRootFilesystem\":false,\"volumesFrom\":[]}]",
            "cpu": "256",
            "ephemeral_storage": [],
            "execution_role_arn": "arn:aws:iam::754370150126:role/geonos-dev-satquery-api-exec",
            "family": "geonos-dev-satquery-api",
            "id": "geonos-dev-satquery-api",
            "inference_accelerator": [],
            "ipc_mode": "",
            "memory": "512",
            "network_mode": "awsvpc",
            "pid_mode": "",
            "placement_constraints": [],
            "proxy_configuration": [],
            "requires_compatibilities": [
              "FARGATE"
            ],
            "revision": 1,
            "tags": {
              "Name": "geonos-dev-satquery-api",
              "Namespace": "geonos",
              "Stage": "dev"
            },
            "tags_all": {
              "Name": "geonos-dev-satquery-api",
              "Namespace": "geonos",
              "Stage": "dev"
            },
            "task_role_arn": "arn:aws:iam::754370150126:role/geonos-dev-satquery-api-task",
            "volume": []
          },
          "sensitive_attributes": [],
          "private": "eyJzY2hlbWFfdmVyc2lvbiI6IjEifQ==",
          "dependencies": [
            "module.ecs-alb-service-task.aws_iam_role.ecs_exec",
            "module.ecs-alb-service-task.aws_iam_role.ecs_task",
            "module.ecs-alb-service-task.data.aws_iam_policy_document.ecs_task",
            "module.ecs-alb-service-task.data.aws_iam_policy_document.ecs_task_exec"
          ]
        }
      ]
    },
    {
      "module": "module.ecs-alb-service-task",
      "mode": "managed",
      "type": "aws_iam_role",
      "name": "ecs_exec",
      "provider": "provider[\"registry.terraform.io/hashicorp/aws\"]",
      "instances": [
        {
          "index_key": 0,
          "schema_version": 0,
          "attributes": {
            "arn": "arn:aws:iam::754370150126:role/geonos-dev-satquery-api-exec",
            "assume_role_policy": "{\"Version\":\"2012-10-17\",\"Statement\":[{\"Sid\":\"\",\"Effect\":\"Allow\",\"Principal\":{\"Service\":\"ecs-tasks.amazonaws.com\"},\"Action\":\"sts:AssumeRole\"}]}",
            "create_date": "2021-09-24T21:17:23Z",
            "description": "",
            "force_detach_policies": false,
            "id": "geonos-dev-satquery-api-exec",
            "inline_policy": [
              {
                "name": "",
                "policy": ""
              }
            ],
            "managed_policy_arns": [],
            "max_session_duration": 3600,
            "name": "geonos-dev-satquery-api-exec",
            "name_prefix": "",
            "path": "/",
            "permissions_boundary": null,
            "tags": {
              "Attributes": "exec",
              "Name": "geonos-dev-satquery-api-exec",
              "Namespace": "geonos",
              "Stage": "dev"
            },
            "tags_all": {
              "Attributes": "exec",
              "Name": "geonos-dev-satquery-api-exec",
              "Namespace": "geonos",
              "Stage": "dev"
            },
            "unique_id": "AROA27I7W73XIWWUPYAOO"
          },
          "sensitive_attributes": [],
          "private": "bnVsbA==",
          "dependencies": [
            "module.ecs-alb-service-task.data.aws_iam_policy_document.ecs_task_exec"
          ]
        }
      ]
    },
    {
      "module": "module.ecs-alb-service-task",
      "mode": "managed",
      "type": "aws_iam_role",
      "name": "ecs_task",
      "provider": "provider[\"registry.terraform.io/hashicorp/aws\"]",
      "instances": [
        {
          "index_key": 0,
          "schema_version": 0,
          "attributes": {
            "arn": "arn:aws:iam::754370150126:role/geonos-dev-satquery-api-task",
            "assume_role_policy": "{\"Version\":\"2012-10-17\",\"Statement\":[{\"Sid\":\"\",\"Effect\":\"Allow\",\"Principal\":{\"Service\":\"ecs-tasks.amazonaws.com\"},\"Action\":\"sts:AssumeRole\"}]}",
            "create_date": "2021-09-24T21:17:23Z",
            "description": "",
            "force_detach_policies": false,
            "id": "geonos-dev-satquery-api-task",
            "inline_policy": [
              {
                "name": "",
                "policy": ""
              }
            ],
            "managed_policy_arns": [],
            "max_session_duration": 3600,
            "name": "geonos-dev-satquery-api-task",
            "name_prefix": "",
            "path": "/",
            "permissions_boundary": null,
            "tags": {
              "Attributes": "task",
              "Name": "geonos-dev-satquery-api-task",
              "Namespace": "geonos",
              "Stage": "dev"
            },
            "tags_all": {
              "Attributes": "task",
              "Name": "geonos-dev-satquery-api-task",
              "Namespace": "geonos",
              "Stage": "dev"
            },
            "unique_id": "AROA27I7W73XGC4ZQNEPR"
          },
          "sensitive_attributes": [],
          "private": "bnVsbA==",
          "dependencies": [
            "module.ecs-alb-service-task.data.aws_iam_policy_document.ecs_task"
          ]
        }
      ]
    },
    {
      "module": "module.ecs-alb-service-task",
      "mode": "managed",
      "type": "aws_iam_role_policy",
      "name": "ecs_exec",
      "provider": "provider[\"registry.terraform.io/hashicorp/aws\"]",
      "instances": [
        {
          "index_key": 0,
          "schema_version": 0,
          "attributes": {
            "id": "geonos-dev-satquery-api-exec:geonos-dev-satquery-api-exec",
            "name": "geonos-dev-satquery-api-exec",
            "name_prefix": null,
            "policy": "{\n  \"Version\": \"2012-10-17\",\n  \"Statement\": [\n    {\n      \"Sid\": \"\",\n      \"Effect\": \"Allow\",\n      \"Action\": [\n        \"ssm:GetParameters\",\n        \"logs:PutLogEvents\",\n        \"logs:CreateLogStream\",\n        \"logs:CreateLogGroup\",\n        \"ecr:GetDownloadUrlForLayer\",\n        \"ecr:GetAuthorizationToken\",\n        \"ecr:BatchGetImage\",\n        \"ecr:BatchCheckLayerAvailability\"\n      ],\n      \"Resource\": \"*\"\n    }\n  ]\n}",
            "role": "geonos-dev-satquery-api-exec"
          },
          "sensitive_attributes": [],
          "private": "bnVsbA==",
          "dependencies": [
            "module.ecs-alb-service-task.aws_iam_role.ecs_exec",
            "module.ecs-alb-service-task.data.aws_iam_policy_document.ecs_exec",
            "module.ecs-alb-service-task.data.aws_iam_policy_document.ecs_task_exec"
          ]
        }
      ]
    },
    {
      "module": "module.ecs-alb-service-task",
      "mode": "managed",
      "type": "aws_iam_role_policy_attachment",
      "name": "ecs_exec",
      "provider": "provider[\"registry.terraform.io/hashicorp/aws\"]",
      "instances": [
        {
          "index_key": 0,
          "schema_version": 0,
          "attributes": {
            "id": "geonos-dev-satquery-api-exec-20210924211723166200000001",
            "policy_arn": "arn:aws:iam::754370150126:policy/fargate_default_role",
            "role": "geonos-dev-satquery-api-exec"
          },
          "sensitive_attributes": [],
          "private": "bnVsbA==",
          "dependencies": [
            "module.ecs-alb-service-task.aws_iam_role.ecs_exec",
            "module.ecs-alb-service-task.data.aws_iam_policy_document.ecs_task_exec"
          ]
        }
      ]
    },
    {
      "module": "module.ecs-alb-service-task.module.security_group",
      "mode": "managed",
      "type": "aws_security_group",
      "name": "default",
      "provider": "provider[\"registry.terraform.io/hashicorp/aws\"]",
      "instances": [
        {
          "index_key": 0,
          "schema_version": 1,
          "attributes": {
            "arn": "arn:aws:ec2:us-east-1:754370150126:security-group/sg-0583cb27fb18d6ca4",
            "description": "ECS service Security Group",
            "egress": [],
            "id": "sg-0583cb27fb18d6ca4",
            "ingress": [],
            "name": "geonos-dev-satquery-api-service",
            "name_prefix": "",
            "owner_id": "754370150126",
            "revoke_rules_on_delete": false,
            "tags": {
              "Attributes": "service",
              "Name": "geonos-dev-satquery-api-service",
              "Namespace": "geonos",
              "Stage": "dev"
            },
            "tags_all": {
              "Attributes": "service",
              "Name": "geonos-dev-satquery-api-service",
              "Namespace": "geonos",
              "Stage": "dev"
            },
            "timeouts": null,
            "vpc_id": "vpc-0065e56715453dad8"
          },
          "sensitive_attributes": [],
          "private": "eyJlMmJmYjczMC1lY2FhLTExZTYtOGY4OC0zNDM2M2JjN2M0YzAiOnsiY3JlYXRlIjo2MDAwMDAwMDAwMDAsImRlbGV0ZSI6OTAwMDAwMDAwMDAwfSwic2NoZW1hX3ZlcnNpb24iOiIxIn0=",
          "dependencies": [
            "aws_vpc.geonos_vpc"
          ],
          "create_before_destroy": true
        }
      ]
    },
    {
      "module": "module.ecs-alb-service-task.module.security_group",
      "mode": "managed",
      "type": "aws_security_group_rule",
      "name": "default",
      "provider": "provider[\"registry.terraform.io/hashicorp/aws\"]",
      "instances": [
        {
          "index_key": "egress--1-0-0-9c87e5e1ed040a443ce1ac8e6d6cf159",
          "schema_version": 2,
          "attributes": {
            "cidr_blocks": [
              "0.0.0.0/0"
            ],
            "description": "Allow all outbound traffic",
            "from_port": 0,
            "id": "sgrule-725075845",
            "ipv6_cidr_blocks": null,
            "prefix_list_ids": null,
            "protocol": "-1",
            "security_group_id": "sg-0583cb27fb18d6ca4",
            "self": false,
            "source_security_group_id": null,
            "to_port": 0,
            "type": "egress"
          },
          "sensitive_attributes": [],
          "private": "eyJzY2hlbWFfdmVyc2lvbiI6IjIifQ==",
          "dependencies": [
            "aws_vpc.geonos_vpc",
            "module.ecs-alb-service-task.module.security_group.aws_security_group.default",
            "module.ecs-alb-service-task.module.security_group.data.aws_security_group.external"
          ]
        },
        {
          "index_key": "ingress-icmp-8-0-8bba30c3f574278e5bb940739d75c3c3",
          "schema_version": 2,
          "attributes": {
            "cidr_blocks": [
              "0.0.0.0/0"
            ],
            "description": "Enables ping command from anywhere, see https://docs.aws.amazon.com/AWSEC2/latest/UserGuide/security-group-rules-reference.html#sg-rules-ping",
            "from_port": 8,
            "id": "sgrule-3868288145",
            "ipv6_cidr_blocks": null,
            "prefix_list_ids": null,
            "protocol": "icmp",
            "security_group_id": "sg-0583cb27fb18d6ca4",
            "self": false,
            "source_security_group_id": null,
            "to_port": 0,
            "type": "ingress"
          },
          "sensitive_attributes": [],
          "private": "eyJzY2hlbWFfdmVyc2lvbiI6IjIifQ==",
          "dependencies": [
            "aws_vpc.geonos_vpc",
            "module.ecs-alb-service-task.module.security_group.aws_security_group.default",
            "module.ecs-alb-service-task.module.security_group.data.aws_security_group.external"
          ]
        }
      ]
    },
    {
      "module": "module.security_group.module.sg",
      "mode": "managed",
      "type": "aws_security_group",
      "name": "this_name_prefix",
      "provider": "provider[\"registry.terraform.io/hashicorp/aws\"]",
      "instances": [
        {
          "index_key": 0,
          "schema_version": 1,
          "attributes": {
            "arn": "arn:aws:ec2:us-east-1:754370150126:security-group/sg-01b90e3e429b7bbfb",
            "description": "Security Group managed by Terraform",
            "egress": [],
            "id": "sg-01b90e3e429b7bbfb",
            "ingress": [],
            "name": "satquery-api-sg-20210924211725646900000002",
            "name_prefix": "satquery-api-sg-",
            "owner_id": "754370150126",
            "revoke_rules_on_delete": false,
            "tags": {
              "Name": "satquery-api-sg"
            },
            "tags_all": {
              "Name": "satquery-api-sg"
            },
            "timeouts": null,
            "vpc_id": "vpc-0065e56715453dad8"
          },
          "sensitive_attributes": [],
          "private": "eyJlMmJmYjczMC1lY2FhLTExZTYtOGY4OC0zNDM2M2JjN2M0YzAiOnsiY3JlYXRlIjo2MDAwMDAwMDAwMDAsImRlbGV0ZSI6OTAwMDAwMDAwMDAwfSwic2NoZW1hX3ZlcnNpb24iOiIxIn0=",
          "dependencies": [
            "aws_vpc.geonos_vpc"
          ],
          "create_before_destroy": true
        }
      ]
    },
    {
      "module": "module.security_group.module.sg",
      "mode": "managed",
      "type": "aws_security_group_rule",
      "name": "egress_rules",
      "provider": "provider[\"registry.terraform.io/hashicorp/aws\"]",
      "instances": [
        {
          "index_key": 0,
          "schema_version": 2,
          "attributes": {
            "cidr_blocks": [
              "0.0.0.0/0"
            ],
            "description": "All protocols",
            "from_port": -1,
            "id": "sgrule-1354327180",
            "ipv6_cidr_blocks": [
              "::/0"
            ],
            "prefix_list_ids": [],
            "protocol": "-1",
            "security_group_id": "sg-01b90e3e429b7bbfb",
            "self": false,
            "source_security_group_id": null,
            "to_port": -1,
            "type": "egress"
          },
          "sensitive_attributes": [],
          "private": "eyJzY2hlbWFfdmVyc2lvbiI6IjIifQ==",
          "dependencies": [
            "aws_vpc.geonos_vpc",
            "module.security_group.module.sg.aws_security_group.this",
            "module.security_group.module.sg.aws_security_group.this_name_prefix"
          ]
        }
      ]
    },
    {
      "module": "module.security_group.module.sg",
      "mode": "managed",
      "type": "aws_security_group_rule",
      "name": "ingress_rules",
      "provider": "provider[\"registry.terraform.io/hashicorp/aws\"]",
      "instances": [
        {
          "index_key": 0,
          "schema_version": 2,
          "attributes": {
            "cidr_blocks": [
              "0.0.0.0/0"
            ],
            "description": "HTTP",
            "from_port": 80,
            "id": "sgrule-658425936",
            "ipv6_cidr_blocks": [],
            "prefix_list_ids": [],
            "protocol": "tcp",
            "security_group_id": "sg-01b90e3e429b7bbfb",
            "self": false,
            "source_security_group_id": null,
            "to_port": 80,
            "type": "ingress"
          },
          "sensitive_attributes": [],
          "private": "eyJzY2hlbWFfdmVyc2lvbiI6IjIifQ==",
          "dependencies": [
            "aws_vpc.geonos_vpc",
            "module.security_group.module.sg.aws_security_group.this",
            "module.security_group.module.sg.aws_security_group.this_name_prefix"
          ]
        }
      ]
    },
    {
      "module": "module.security_group.module.sg",
      "mode": "managed",
      "type": "aws_security_group_rule",
      "name": "ingress_with_self",
      "provider": "provider[\"registry.terraform.io/hashicorp/aws\"]",
      "instances": [
        {
          "index_key": 0,
          "schema_version": 2,
          "attributes": {
            "cidr_blocks": null,
            "description": "Ingress Rule",
            "from_port": -1,
            "id": "sgrule-168213582",
            "ipv6_cidr_blocks": null,
            "prefix_list_ids": [],
            "protocol": "-1",
            "security_group_id": "sg-01b90e3e429b7bbfb",
            "self": true,
            "source_security_group_id": null,
            "to_port": -1,
            "type": "ingress"
          },
          "sensitive_attributes": [],
          "private": "eyJzY2hlbWFfdmVyc2lvbiI6IjIifQ==",
          "dependencies": [
            "aws_vpc.geonos_vpc",
            "module.security_group.module.sg.aws_security_group.this",
            "module.security_group.module.sg.aws_security_group.this_name_prefix"
          ]
        }
      ]
    },
    {
      "module": "module.subnets",
      "mode": "data",
      "type": "aws_availability_zones",
      "name": "available",
      "provider": "provider[\"registry.terraform.io/hashicorp/aws\"]",
      "instances": [
        {
          "index_key": 0,
          "schema_version": 0,
          "attributes": {
            "all_availability_zones": null,
            "exclude_names": null,
            "exclude_zone_ids": null,
            "filter": null,
            "group_names": [
              "us-east-1"
            ],
            "id": "us-east-1",
            "names": [
              "us-east-1a",
              "us-east-1b",
              "us-east-1c",
              "us-east-1d",
              "us-east-1e",
              "us-east-1f"
            ],
            "state": null,
            "zone_ids": [
              "use1-az1",
              "use1-az2",
              "use1-az4",
              "use1-az6",
              "use1-az3",
              "use1-az5"
            ]
          },
          "sensitive_attributes": []
        }
      ]
    },
    {
      "module": "module.subnets",
      "mode": "data",
      "type": "aws_eip",
      "name": "nat_ips",
      "provider": "provider[\"registry.terraform.io/hashicorp/aws\"]",
      "instances": []
    },
    {
      "module": "module.subnets",
      "mode": "data",
      "type": "aws_vpc",
      "name": "default",
      "provider": "provider[\"registry.terraform.io/hashicorp/aws\"]",
      "instances": [
        {
          "index_key": 0,
          "schema_version": 0,
          "attributes": {
            "arn": "arn:aws:ec2:us-east-1:754370150126:vpc/vpc-0065e56715453dad8",
            "cidr_block": "10.0.0.0/16",
            "cidr_block_associations": [
              {
                "association_id": "vpc-cidr-assoc-003f4387c2e6dc763",
                "cidr_block": "10.0.0.0/16",
                "state": "associated"
              }
            ],
            "default": false,
            "dhcp_options_id": "dopt-0458957e",
            "enable_dns_hostnames": false,
            "enable_dns_support": true,
            "filter": null,
            "id": "vpc-0065e56715453dad8",
            "instance_tenancy": "default",
            "ipv6_association_id": null,
            "ipv6_cidr_block": null,
            "main_route_table_id": "rtb-0d6baaf341ac925c8",
            "owner_id": "754370150126",
            "state": "available",
            "tags": {
              "Name": "geonos_vpc"
            }
          },
          "sensitive_attributes": []
        }
      ]
    },
    {
      "module": "module.subnets",
      "mode": "managed",
      "type": "aws_eip",
      "name": "default",
      "provider": "provider[\"registry.terraform.io/hashicorp/aws\"]",
      "instances": [
        {
          "index_key": 0,
          "schema_version": 0,
          "attributes": {
            "address": null,
            "allocation_id": null,
            "associate_with_private_ip": null,
            "association_id": "",
            "carrier_ip": "",
            "customer_owned_ip": "",
            "customer_owned_ipv4_pool": "",
            "domain": "vpc",
            "id": "eipalloc-0b01e6c5148b9fc30",
            "instance": "",
            "network_border_group": "us-east-1",
            "network_interface": "",
            "private_dns": null,
            "private_ip": "",
            "public_dns": "ec2-54-237-120-68.compute-1.amazonaws.com",
            "public_ip": "54.237.120.68",
            "public_ipv4_pool": "amazon",
            "tags": {
              "Attributes": "private",
              "Name": "geonos-dev-satquery-api-private-use1a",
              "Namespace": "geonos",
              "Stage": "dev",
              "cpco.io/subnet/type": "private"
            },
            "tags_all": {
              "Attributes": "private",
              "Name": "geonos-dev-satquery-api-private-use1a",
              "Namespace": "geonos",
              "Stage": "dev",
              "cpco.io/subnet/type": "private"
            },
            "timeouts": null,
            "vpc": true
          },
          "sensitive_attributes": [],
          "private": "eyJlMmJmYjczMC1lY2FhLTExZTYtOGY4OC0zNDM2M2JjN2M0YzAiOnsiZGVsZXRlIjoxODAwMDAwMDAwMDAsInJlYWQiOjkwMDAwMDAwMDAwMCwidXBkYXRlIjozMDAwMDAwMDAwMDB9fQ==",
          "create_before_destroy": true
        },
        {
          "index_key": 1,
          "schema_version": 0,
          "attributes": {
            "address": null,
            "allocation_id": null,
            "associate_with_private_ip": null,
            "association_id": "",
            "carrier_ip": "",
            "customer_owned_ip": "",
            "customer_owned_ipv4_pool": "",
            "domain": "vpc",
            "id": "eipalloc-0c1f0e37f4295ed4a",
            "instance": "",
            "network_border_group": "us-east-1",
            "network_interface": "",
            "private_dns": null,
            "private_ip": "",
            "public_dns": "ec2-3-232-51-167.compute-1.amazonaws.com",
            "public_ip": "3.232.51.167",
            "public_ipv4_pool": "amazon",
            "tags": {
              "Attributes": "private",
              "Name": "geonos-dev-satquery-api-private-use1b",
              "Namespace": "geonos",
              "Stage": "dev",
              "cpco.io/subnet/type": "private"
            },
            "tags_all": {
              "Attributes": "private",
              "Name": "geonos-dev-satquery-api-private-use1b",
              "Namespace": "geonos",
              "Stage": "dev",
              "cpco.io/subnet/type": "private"
            },
            "timeouts": null,
            "vpc": true
          },
          "sensitive_attributes": [],
          "private": "eyJlMmJmYjczMC1lY2FhLTExZTYtOGY4OC0zNDM2M2JjN2M0YzAiOnsiZGVsZXRlIjoxODAwMDAwMDAwMDAsInJlYWQiOjkwMDAwMDAwMDAwMCwidXBkYXRlIjozMDAwMDAwMDAwMDB9fQ==",
          "create_before_destroy": true
        }
      ]
    },
    {
      "module": "module.subnets",
      "mode": "managed",
      "type": "aws_nat_gateway",
      "name": "default",
      "provider": "provider[\"registry.terraform.io/hashicorp/aws\"]",
      "instances": [
        {
          "index_key": 0,
          "schema_version": 0,
          "attributes": {
            "allocation_id": "eipalloc-0b01e6c5148b9fc30",
            "connectivity_type": "public",
            "id": "nat-0cd2bd4ab08f5e4ec",
            "network_interface_id": "eni-01531a1789c623451",
            "private_ip": "10.0.98.69",
            "public_ip": "54.237.120.68",
            "subnet_id": "subnet-0e64e1ed4396676a4",
            "tags": {
              "Attributes": "nat",
              "Name": "geonos-dev-satquery-api-nat-use1a",
              "Namespace": "geonos",
              "Stage": "dev"
            },
            "tags_all": {
              "Attributes": "nat",
              "Name": "geonos-dev-satquery-api-nat-use1a",
              "Namespace": "geonos",
              "Stage": "dev"
            }
          },
          "sensitive_attributes": [],
          "private": "bnVsbA==",
          "dependencies": [
            "aws_vpc.geonos_vpc",
            "module.subnets.aws_eip.default",
            "module.subnets.aws_subnet.public",
            "module.subnets.data.aws_availability_zones.available",
            "module.subnets.data.aws_eip.nat_ips",
            "module.subnets.data.aws_vpc.default"
          ],
          "create_before_destroy": true
        },
        {
          "index_key": 1,
          "schema_version": 0,
          "attributes": {
            "allocation_id": "eipalloc-0c1f0e37f4295ed4a",
            "connectivity_type": "public",
            "id": "nat-038eab311c5a92b46",
            "network_interface_id": "eni-0143cfe637d50eb72",
            "private_ip": "10.0.126.174",
            "public_ip": "3.232.51.167",
            "subnet_id": "subnet-09f14e8ae41d24b28",
            "tags": {
              "Attributes": "nat",
              "Name": "geonos-dev-satquery-api-nat-use1b",
              "Namespace": "geonos",
              "Stage": "dev"
            },
            "tags_all": {
              "Attributes": "nat",
              "Name": "geonos-dev-satquery-api-nat-use1b",
              "Namespace": "geonos",
              "Stage": "dev"
            }
          },
          "sensitive_attributes": [],
          "private": "bnVsbA==",
          "dependencies": [
            "aws_vpc.geonos_vpc",
            "module.subnets.aws_eip.default",
            "module.subnets.aws_subnet.public",
            "module.subnets.data.aws_availability_zones.available",
            "module.subnets.data.aws_eip.nat_ips",
            "module.subnets.data.aws_vpc.default"
          ],
          "create_before_destroy": true
        }
      ]
    },
    {
      "module": "module.subnets",
      "mode": "managed",
      "type": "aws_network_acl",
      "name": "private",
      "provider": "provider[\"registry.terraform.io/hashicorp/aws\"]",
      "instances": [
        {
          "index_key": 0,
          "schema_version": 0,
          "attributes": {
            "arn": "arn:aws:ec2:us-east-1:754370150126:network-acl/acl-047ac897e82e22012",
            "egress": [
              {
                "action": "allow",
                "cidr_block": "0.0.0.0/0",
                "from_port": 0,
                "icmp_code": null,
                "icmp_type": null,
                "ipv6_cidr_block": "",
                "protocol": "-1",
                "rule_no": 100,
                "to_port": 0
              }
            ],
            "id": "acl-047ac897e82e22012",
            "ingress": [
              {
                "action": "allow",
                "cidr_block": "0.0.0.0/0",
                "from_port": 0,
                "icmp_code": null,
                "icmp_type": null,
                "ipv6_cidr_block": "",
                "protocol": "-1",
                "rule_no": 100,
                "to_port": 0
              }
            ],
            "owner_id": "754370150126",
            "subnet_ids": [
              "subnet-00a01147e1f3251a0",
              "subnet-043f32295a7a1ee2b"
            ],
            "tags": {
              "Attributes": "private",
              "Name": "geonos-dev-satquery-api-private",
              "Namespace": "geonos",
              "Stage": "dev",
              "cpco.io/subnet/type": "private"
            },
            "tags_all": {
              "Attributes": "private",
              "Name": "geonos-dev-satquery-api-private",
              "Namespace": "geonos",
              "Stage": "dev",
              "cpco.io/subnet/type": "private"
            },
            "vpc_id": "vpc-0065e56715453dad8"
          },
          "sensitive_attributes": [],
          "private": "bnVsbA==",
          "dependencies": [
            "aws_vpc.geonos_vpc",
            "module.subnets.aws_subnet.private",
            "module.subnets.data.aws_availability_zones.available",
            "module.subnets.data.aws_vpc.default"
          ]
        }
      ]
    },
    {
      "module": "module.subnets",
      "mode": "managed",
      "type": "aws_network_acl",
      "name": "public",
      "provider": "provider[\"registry.terraform.io/hashicorp/aws\"]",
      "instances": [
        {
          "index_key": 0,
          "schema_version": 0,
          "attributes": {
            "arn": "arn:aws:ec2:us-east-1:754370150126:network-acl/acl-082391866514ca09a",
            "egress": [
              {
                "action": "allow",
                "cidr_block": "0.0.0.0/0",
                "from_port": 0,
                "icmp_code": null,
                "icmp_type": null,
                "ipv6_cidr_block": "",
                "protocol": "-1",
                "rule_no": 100,
                "to_port": 0
              }
            ],
            "id": "acl-082391866514ca09a",
            "ingress": [
              {
                "action": "allow",
                "cidr_block": "0.0.0.0/0",
                "from_port": 0,
                "icmp_code": null,
                "icmp_type": null,
                "ipv6_cidr_block": "",
                "protocol": "-1",
                "rule_no": 100,
                "to_port": 0
              }
            ],
            "owner_id": "754370150126",
            "subnet_ids": [
              "subnet-09f14e8ae41d24b28",
              "subnet-0e64e1ed4396676a4"
            ],
            "tags": {
              "Attributes": "public",
              "Name": "geonos-dev-satquery-api-public",
              "Namespace": "geonos",
              "Stage": "dev",
              "cpco.io/subnet/type": "public"
            },
            "tags_all": {
              "Attributes": "public",
              "Name": "geonos-dev-satquery-api-public",
              "Namespace": "geonos",
              "Stage": "dev",
              "cpco.io/subnet/type": "public"
            },
            "vpc_id": "vpc-0065e56715453dad8"
          },
          "sensitive_attributes": [],
          "private": "bnVsbA==",
          "dependencies": [
            "aws_vpc.geonos_vpc",
            "module.subnets.aws_subnet.public",
            "module.subnets.data.aws_availability_zones.available",
            "module.subnets.data.aws_vpc.default"
          ]
        }
      ]
    },
    {
      "module": "module.subnets",
      "mode": "managed",
      "type": "aws_route",
      "name": "default",
      "provider": "provider[\"registry.terraform.io/hashicorp/aws\"]",
      "instances": [
        {
          "index_key": 0,
          "schema_version": 0,
          "attributes": {
            "carrier_gateway_id": "",
            "destination_cidr_block": "0.0.0.0/0",
            "destination_ipv6_cidr_block": "",
            "destination_prefix_list_id": "",
            "egress_only_gateway_id": "",
            "gateway_id": "",
            "id": "r-rtb-038dc2eab0415a5cd1080289494",
            "instance_id": "",
            "instance_owner_id": "",
            "local_gateway_id": "",
            "nat_gateway_id": "nat-0cd2bd4ab08f5e4ec",
            "network_interface_id": "",
            "origin": "CreateRoute",
            "route_table_id": "rtb-038dc2eab0415a5cd",
            "state": "active",
            "timeouts": {
              "create": "2m",
              "delete": "5m"
            },
            "transit_gateway_id": "",
            "vpc_endpoint_id": "",
            "vpc_peering_connection_id": ""
          },
          "sensitive_attributes": [],
          "private": "eyJlMmJmYjczMC1lY2FhLTExZTYtOGY4OC0zNDM2M2JjN2M0YzAiOnsiY3JlYXRlIjoxMjAwMDAwMDAwMDAsImRlbGV0ZSI6MzAwMDAwMDAwMDAwfX0=",
          "dependencies": [
            "aws_vpc.geonos_vpc",
            "module.subnets.aws_eip.default",
            "module.subnets.aws_nat_gateway.default",
            "module.subnets.aws_route_table.private",
            "module.subnets.aws_subnet.public",
            "module.subnets.data.aws_availability_zones.available",
            "module.subnets.data.aws_eip.nat_ips",
            "module.subnets.data.aws_vpc.default"
          ]
        },
        {
          "index_key": 1,
          "schema_version": 0,
          "attributes": {
            "carrier_gateway_id": "",
            "destination_cidr_block": "0.0.0.0/0",
            "destination_ipv6_cidr_block": "",
            "destination_prefix_list_id": "",
            "egress_only_gateway_id": "",
            "gateway_id": "",
            "id": "r-rtb-04a837a57e15c9da01080289494",
            "instance_id": "",
            "instance_owner_id": "",
            "local_gateway_id": "",
            "nat_gateway_id": "nat-038eab311c5a92b46",
            "network_interface_id": "",
            "origin": "CreateRoute",
            "route_table_id": "rtb-04a837a57e15c9da0",
            "state": "active",
            "timeouts": {
              "create": "2m",
              "delete": "5m"
            },
            "transit_gateway_id": "",
            "vpc_endpoint_id": "",
            "vpc_peering_connection_id": ""
          },
          "sensitive_attributes": [],
          "private": "eyJlMmJmYjczMC1lY2FhLTExZTYtOGY4OC0zNDM2M2JjN2M0YzAiOnsiY3JlYXRlIjoxMjAwMDAwMDAwMDAsImRlbGV0ZSI6MzAwMDAwMDAwMDAwfX0=",
          "dependencies": [
            "aws_vpc.geonos_vpc",
            "module.subnets.aws_eip.default",
            "module.subnets.aws_nat_gateway.default",
            "module.subnets.aws_route_table.private",
            "module.subnets.aws_subnet.public",
            "module.subnets.data.aws_availability_zones.available",
            "module.subnets.data.aws_eip.nat_ips",
            "module.subnets.data.aws_vpc.default"
          ]
        }
      ]
    },
    {
      "module": "module.subnets",
      "mode": "managed",
      "type": "aws_route",
      "name": "public",
      "provider": "provider[\"registry.terraform.io/hashicorp/aws\"]",
      "instances": [
        {
          "index_key": 0,
          "schema_version": 0,
          "attributes": {
            "carrier_gateway_id": "",
            "destination_cidr_block": "0.0.0.0/0",
            "destination_ipv6_cidr_block": "",
            "destination_prefix_list_id": "",
            "egress_only_gateway_id": "",
            "gateway_id": "igw-0399d23722633b3b9",
            "id": "r-rtb-01b389c16f298e7111080289494",
            "instance_id": "",
            "instance_owner_id": "",
            "local_gateway_id": "",
            "nat_gateway_id": "",
            "network_interface_id": "",
            "origin": "CreateRoute",
            "route_table_id": "rtb-01b389c16f298e711",
            "state": "active",
            "timeouts": {
              "create": "2m",
              "delete": "5m"
            },
            "transit_gateway_id": "",
            "vpc_endpoint_id": "",
            "vpc_peering_connection_id": ""
          },
          "sensitive_attributes": [],
          "private": "eyJlMmJmYjczMC1lY2FhLTExZTYtOGY4OC0zNDM2M2JjN2M0YzAiOnsiY3JlYXRlIjoxMjAwMDAwMDAwMDAsImRlbGV0ZSI6MzAwMDAwMDAwMDAwfX0=",
          "dependencies": [
            "aws_internet_gateway.geonos_igw",
            "aws_vpc.geonos_vpc",
            "module.subnets.aws_route_table.public",
            "module.subnets.data.aws_vpc.default"
          ]
        }
      ]
    },
    {
      "module": "module.subnets",
      "mode": "managed",
      "type": "aws_route_table",
      "name": "private",
      "provider": "provider[\"registry.terraform.io/hashicorp/aws\"]",
      "instances": [
        {
          "index_key": 0,
          "schema_version": 0,
          "attributes": {
            "arn": "arn:aws:ec2:us-east-1:754370150126:route-table/rtb-038dc2eab0415a5cd",
            "id": "rtb-038dc2eab0415a5cd",
            "owner_id": "754370150126",
            "propagating_vgws": [],
            "route": [],
            "tags": {
              "Attributes": "private",
              "Name": "geonos-dev-satquery-api-private-use1a",
              "Namespace": "geonos",
              "Stage": "dev",
              "cpco.io/subnet/type": "private"
            },
            "tags_all": {
              "Attributes": "private",
              "Name": "geonos-dev-satquery-api-private-use1a",
              "Namespace": "geonos",
              "Stage": "dev",
              "cpco.io/subnet/type": "private"
            },
            "vpc_id": "vpc-0065e56715453dad8"
          },
          "sensitive_attributes": [],
          "private": "bnVsbA==",
          "dependencies": [
            "aws_vpc.geonos_vpc",
            "module.subnets.data.aws_vpc.default"
          ]
        },
        {
          "index_key": 1,
          "schema_version": 0,
          "attributes": {
            "arn": "arn:aws:ec2:us-east-1:754370150126:route-table/rtb-04a837a57e15c9da0",
            "id": "rtb-04a837a57e15c9da0",
            "owner_id": "754370150126",
            "propagating_vgws": [],
            "route": [],
            "tags": {
              "Attributes": "private",
              "Name": "geonos-dev-satquery-api-private-use1b",
              "Namespace": "geonos",
              "Stage": "dev",
              "cpco.io/subnet/type": "private"
            },
            "tags_all": {
              "Attributes": "private",
              "Name": "geonos-dev-satquery-api-private-use1b",
              "Namespace": "geonos",
              "Stage": "dev",
              "cpco.io/subnet/type": "private"
            },
            "vpc_id": "vpc-0065e56715453dad8"
          },
          "sensitive_attributes": [],
          "private": "bnVsbA==",
          "dependencies": [
            "aws_vpc.geonos_vpc",
            "module.subnets.data.aws_vpc.default"
          ]
        }
      ]
    },
    {
      "module": "module.subnets",
      "mode": "managed",
      "type": "aws_route_table",
      "name": "public",
      "provider": "provider[\"registry.terraform.io/hashicorp/aws\"]",
      "instances": [
        {
          "index_key": 0,
          "schema_version": 0,
          "attributes": {
            "arn": "arn:aws:ec2:us-east-1:754370150126:route-table/rtb-01b389c16f298e711",
            "id": "rtb-01b389c16f298e711",
            "owner_id": "754370150126",
            "propagating_vgws": [],
            "route": [],
            "tags": {
              "Attributes": "public",
              "Name": "geonos-dev-satquery-api-public",
              "Namespace": "geonos",
              "Stage": "dev",
              "cpco.io/subnet/type": "public"
            },
            "tags_all": {
              "Attributes": "public",
              "Name": "geonos-dev-satquery-api-public",
              "Namespace": "geonos",
              "Stage": "dev",
              "cpco.io/subnet/type": "public"
            },
            "vpc_id": "vpc-0065e56715453dad8"
          },
          "sensitive_attributes": [],
          "private": "bnVsbA==",
          "dependencies": [
            "aws_vpc.geonos_vpc",
            "module.subnets.data.aws_vpc.default"
          ]
        }
      ]
    },
    {
      "module": "module.subnets",
      "mode": "managed",
      "type": "aws_route_table_association",
      "name": "private",
      "provider": "provider[\"registry.terraform.io/hashicorp/aws\"]",
      "instances": [
        {
          "index_key": 0,
          "schema_version": 0,
          "attributes": {
            "gateway_id": "",
            "id": "rtbassoc-0ca18b156a210e415",
            "route_table_id": "rtb-038dc2eab0415a5cd",
            "subnet_id": "subnet-00a01147e1f3251a0"
          },
          "sensitive_attributes": [],
          "private": "bnVsbA==",
          "dependencies": [
            "aws_vpc.geonos_vpc",
            "module.subnets.aws_route_table.private",
            "module.subnets.aws_subnet.private",
            "module.subnets.data.aws_availability_zones.available",
            "module.subnets.data.aws_vpc.default"
          ]
        },
        {
          "index_key": 1,
          "schema_version": 0,
          "attributes": {
            "gateway_id": "",
            "id": "rtbassoc-08d9bf6f46c1d638b",
            "route_table_id": "rtb-04a837a57e15c9da0",
            "subnet_id": "subnet-043f32295a7a1ee2b"
          },
          "sensitive_attributes": [],
          "private": "bnVsbA==",
          "dependencies": [
            "aws_vpc.geonos_vpc",
            "module.subnets.aws_route_table.private",
            "module.subnets.aws_subnet.private",
            "module.subnets.data.aws_availability_zones.available",
            "module.subnets.data.aws_vpc.default"
          ]
        }
      ]
    },
    {
      "module": "module.subnets",
      "mode": "managed",
      "type": "aws_route_table_association",
      "name": "public",
      "provider": "provider[\"registry.terraform.io/hashicorp/aws\"]",
      "instances": [
        {
          "index_key": 0,
          "schema_version": 0,
          "attributes": {
            "gateway_id": "",
            "id": "rtbassoc-00edf90f996e867d3",
            "route_table_id": "rtb-01b389c16f298e711",
            "subnet_id": "subnet-0e64e1ed4396676a4"
          },
          "sensitive_attributes": [],
          "private": "bnVsbA==",
          "dependencies": [
            "aws_vpc.geonos_vpc",
            "module.subnets.aws_route_table.public",
            "module.subnets.aws_subnet.public",
            "module.subnets.data.aws_availability_zones.available",
            "module.subnets.data.aws_vpc.default"
          ]
        },
        {
          "index_key": 1,
          "status": "tainted",
          "schema_version": 0,
          "attributes": {
            "gateway_id": null,
            "id": "rtbassoc-089ad9c52ac9c8919",
            "route_table_id": "rtb-01b389c16f298e711",
            "subnet_id": "subnet-09f14e8ae41d24b28"
          },
          "sensitive_attributes": [],
          "private": "bnVsbA==",
          "dependencies": [
            "aws_vpc.geonos_vpc",
            "module.subnets.aws_route_table.public",
            "module.subnets.aws_subnet.public",
            "module.subnets.data.aws_availability_zones.available",
            "module.subnets.data.aws_vpc.default"
          ]
        }
      ]
    },
    {
      "module": "module.subnets",
      "mode": "managed",
      "type": "aws_subnet",
      "name": "private",
      "provider": "provider[\"registry.terraform.io/hashicorp/aws\"]",
      "instances": [
        {
          "index_key": 0,
          "schema_version": 1,
          "attributes": {
            "arn": "arn:aws:ec2:us-east-1:754370150126:subnet/subnet-00a01147e1f3251a0",
            "assign_ipv6_address_on_creation": false,
            "availability_zone": "us-east-1a",
            "availability_zone_id": "use1-az1",
            "cidr_block": "10.0.0.0/20",
            "customer_owned_ipv4_pool": "",
            "id": "subnet-00a01147e1f3251a0",
            "ipv6_cidr_block": "",
            "ipv6_cidr_block_association_id": "",
            "map_customer_owned_ip_on_launch": false,
            "map_public_ip_on_launch": false,
            "outpost_arn": "",
            "owner_id": "754370150126",
            "tags": {
              "Attributes": "private",
              "Name": "geonos-dev-satquery-api-private-use1a",
              "Namespace": "geonos",
              "Stage": "dev",
              "cpco.io/subnet/type": "private"
            },
            "tags_all": {
              "Attributes": "private",
              "Name": "geonos-dev-satquery-api-private-use1a",
              "Namespace": "geonos",
              "Stage": "dev",
              "cpco.io/subnet/type": "private"
            },
            "timeouts": null,
            "vpc_id": "vpc-0065e56715453dad8"
          },
          "sensitive_attributes": [],
          "private": "eyJlMmJmYjczMC1lY2FhLTExZTYtOGY4OC0zNDM2M2JjN2M0YzAiOnsiY3JlYXRlIjo2MDAwMDAwMDAwMDAsImRlbGV0ZSI6MTIwMDAwMDAwMDAwMH0sInNjaGVtYV92ZXJzaW9uIjoiMSJ9",
          "dependencies": [
            "aws_vpc.geonos_vpc",
            "module.subnets.data.aws_availability_zones.available",
            "module.subnets.data.aws_vpc.default"
          ]
        },
        {
          "index_key": 1,
          "schema_version": 1,
          "attributes": {
            "arn": "arn:aws:ec2:us-east-1:754370150126:subnet/subnet-043f32295a7a1ee2b",
            "assign_ipv6_address_on_creation": false,
            "availability_zone": "us-east-1b",
            "availability_zone_id": "use1-az2",
            "cidr_block": "10.0.16.0/20",
            "customer_owned_ipv4_pool": "",
            "id": "subnet-043f32295a7a1ee2b",
            "ipv6_cidr_block": "",
            "ipv6_cidr_block_association_id": "",
            "map_customer_owned_ip_on_launch": false,
            "map_public_ip_on_launch": false,
            "outpost_arn": "",
            "owner_id": "754370150126",
            "tags": {
              "Attributes": "private",
              "Name": "geonos-dev-satquery-api-private-use1b",
              "Namespace": "geonos",
              "Stage": "dev",
              "cpco.io/subnet/type": "private"
            },
            "tags_all": {
              "Attributes": "private",
              "Name": "geonos-dev-satquery-api-private-use1b",
              "Namespace": "geonos",
              "Stage": "dev",
              "cpco.io/subnet/type": "private"
            },
            "timeouts": null,
            "vpc_id": "vpc-0065e56715453dad8"
          },
          "sensitive_attributes": [],
          "private": "eyJlMmJmYjczMC1lY2FhLTExZTYtOGY4OC0zNDM2M2JjN2M0YzAiOnsiY3JlYXRlIjo2MDAwMDAwMDAwMDAsImRlbGV0ZSI6MTIwMDAwMDAwMDAwMH0sInNjaGVtYV92ZXJzaW9uIjoiMSJ9",
          "dependencies": [
            "aws_vpc.geonos_vpc",
            "module.subnets.data.aws_availability_zones.available",
            "module.subnets.data.aws_vpc.default"
          ]
        }
      ]
    },
    {
      "module": "module.subnets",
      "mode": "managed",
      "type": "aws_subnet",
      "name": "public",
      "provider": "provider[\"registry.terraform.io/hashicorp/aws\"]",
      "instances": [
        {
          "index_key": 0,
          "schema_version": 1,
          "attributes": {
            "arn": "arn:aws:ec2:us-east-1:754370150126:subnet/subnet-0e64e1ed4396676a4",
            "assign_ipv6_address_on_creation": false,
            "availability_zone": "us-east-1a",
            "availability_zone_id": "use1-az1",
            "cidr_block": "10.0.96.0/20",
            "customer_owned_ipv4_pool": "",
            "id": "subnet-0e64e1ed4396676a4",
            "ipv6_cidr_block": "",
            "ipv6_cidr_block_association_id": "",
            "map_customer_owned_ip_on_launch": false,
            "map_public_ip_on_launch": true,
            "outpost_arn": "",
            "owner_id": "754370150126",
            "tags": {
              "Attributes": "public",
              "Name": "geonos-dev-satquery-api-public-use1a",
              "Namespace": "geonos",
              "Stage": "dev",
              "cpco.io/subnet/type": "public"
            },
            "tags_all": {
              "Attributes": "public",
              "Name": "geonos-dev-satquery-api-public-use1a",
              "Namespace": "geonos",
              "Stage": "dev",
              "cpco.io/subnet/type": "public"
            },
            "timeouts": null,
            "vpc_id": "vpc-0065e56715453dad8"
          },
          "sensitive_attributes": [],
          "private": "eyJlMmJmYjczMC1lY2FhLTExZTYtOGY4OC0zNDM2M2JjN2M0YzAiOnsiY3JlYXRlIjo2MDAwMDAwMDAwMDAsImRlbGV0ZSI6MTIwMDAwMDAwMDAwMH0sInNjaGVtYV92ZXJzaW9uIjoiMSJ9",
          "dependencies": [
            "aws_vpc.geonos_vpc",
            "module.subnets.data.aws_availability_zones.available",
            "module.subnets.data.aws_vpc.default"
          ],
          "create_before_destroy": true
        },
        {
          "index_key": 1,
          "schema_version": 1,
          "attributes": {
            "arn": "arn:aws:ec2:us-east-1:754370150126:subnet/subnet-09f14e8ae41d24b28",
            "assign_ipv6_address_on_creation": false,
            "availability_zone": "us-east-1b",
            "availability_zone_id": "use1-az2",
            "cidr_block": "10.0.112.0/20",
            "customer_owned_ipv4_pool": "",
            "id": "subnet-09f14e8ae41d24b28",
            "ipv6_cidr_block": "",
            "ipv6_cidr_block_association_id": "",
            "map_customer_owned_ip_on_launch": false,
            "map_public_ip_on_launch": true,
            "outpost_arn": "",
            "owner_id": "754370150126",
            "tags": {
              "Attributes": "public",
              "Name": "geonos-dev-satquery-api-public-use1b",
              "Namespace": "geonos",
              "Stage": "dev",
              "cpco.io/subnet/type": "public"
            },
            "tags_all": {
              "Attributes": "public",
              "Name": "geonos-dev-satquery-api-public-use1b",
              "Namespace": "geonos",
              "Stage": "dev",
              "cpco.io/subnet/type": "public"
            },
            "timeouts": null,
            "vpc_id": "vpc-0065e56715453dad8"
          },
          "sensitive_attributes": [],
          "private": "eyJlMmJmYjczMC1lY2FhLTExZTYtOGY4OC0zNDM2M2JjN2M0YzAiOnsiY3JlYXRlIjo2MDAwMDAwMDAwMDAsImRlbGV0ZSI6MTIwMDAwMDAwMDAwMH0sInNjaGVtYV92ZXJzaW9uIjoiMSJ9",
          "dependencies": [
            "aws_vpc.geonos_vpc",
            "module.subnets.data.aws_availability_zones.available",
            "module.subnets.data.aws_vpc.default"
          ],
          "create_before_destroy": true
        }
      ]
    },
    {
      "module": "module.subnets.module.utils",
      "mode": "data",
      "type": "aws_regions",
      "name": "default",
      "provider": "provider[\"registry.terraform.io/hashicorp/aws\"]",
      "instances": [
        {
          "schema_version": 0,
          "attributes": {
            "all_regions": true,
            "filter": [
              {
                "name": "opt-in-status",
                "values": [
                  "opt-in-not-required"
                ]
              }
            ],
            "id": "aws",
            "names": [
              "ap-northeast-1",
              "ap-northeast-2",
              "ap-northeast-3",
              "ap-south-1",
              "ap-southeast-1",
              "ap-southeast-2",
              "ca-central-1",
              "eu-central-1",
              "eu-north-1",
              "eu-west-1",
              "eu-west-2",
              "eu-west-3",
              "sa-east-1",
              "us-east-1",
              "us-east-2",
              "us-west-1",
              "us-west-2"
            ]
          },
          "sensitive_attributes": []
        }
      ]
    },
    {
      "module": "module.subnets.module.utils",
      "mode": "data",
      "type": "aws_regions",
      "name": "not_opted_in",
      "provider": "provider[\"registry.terraform.io/hashicorp/aws\"]",
      "instances": [
        {
          "schema_version": 0,
          "attributes": {
            "all_regions": true,
            "filter": [
              {
                "name": "opt-in-status",
                "values": [
                  "not-opted-in"
                ]
              }
            ],
            "id": "aws",
            "names": [
              "af-south-1",
              "ap-east-1",
              "eu-south-1",
              "me-south-1"
            ]
          },
          "sensitive_attributes": []
        }
      ]
    },
    {
      "module": "module.subnets.module.utils",
      "mode": "data",
      "type": "aws_regions",
      "name": "opted_in",
      "provider": "provider[\"registry.terraform.io/hashicorp/aws\"]",
      "instances": [
        {
          "schema_version": 0,
          "attributes": {
            "all_regions": true,
            "filter": [
              {
                "name": "opt-in-status",
                "values": [
                  "opted-in"
                ]
              }
            ],
            "id": "aws",
            "names": []
          },
          "sensitive_attributes": []
        }
      ]
    }
  ]
}
